lockfileVersion: 5.4

specifiers:
  '@types/chrome': ^0.0.193
  dprint: ^0.30.0
  typescript: ^4.0.0

devDependencies:
  '@types/chrome': 0.0.193
  dprint: 0.30.3
  typescript: 4.7.4

packages:

  /@types/chrome/0.0.193:
    resolution: {integrity: sha512-R8C84oqvk8A8C8G1viBd8qLpDr86Y/jwD+KLgzUekbIT9RGds6a9GnlQyg8P7ltnGogTMHkiEQK0ZlcrvTeo3Q==}
    dependencies:
      '@types/filesystem': 0.0.32
      '@types/har-format': 1.2.8
    dev: true

  /@types/filesystem/0.0.32:
    resolution: {integrity: sha512-Yuf4jR5YYMR2DVgwuCiP11s0xuVRyPKmz8vo6HBY3CGdeMj8af93CFZX+T82+VD1+UqHOxTq31lO7MI7lepBtQ==}
    dependencies:
      '@types/filewriter': 0.0.29
    dev: true

  /@types/filewriter/0.0.29:
    resolution: {integrity: sha512-BsPXH/irW0ht0Ji6iw/jJaK8Lj3FJemon2gvEqHKpCdDCeemHa+rI3WBGq5z7cDMZgoLjY40oninGxqk+8NzNQ==}
    dev: true

  /@types/har-format/1.2.8:
    resolution: {integrity: sha512-OP6L9VuZNdskgNN3zFQQ54ceYD8OLq5IbqO4VK91ORLfOm7WdT/CiT/pHEBSQEqCInJ2y3O6iCm/zGtPElpgJQ==}
    dev: true

  /buffer-crc32/0.2.13:
    resolution: {integrity: sha1-DTM+PwDqxQqhRUq9MO+MKl2ackI=}
    dev: true

  /dprint/0.30.3:
    resolution: {integrity: sha512-IycVHkxpf/le4YGmyev4IK1HMsrbKhzubpeZQDeQ72J8LXt0yKzYesj0NMFOONJwbDuK3vnxBK19TpI3FLG/xw==}
    hasBin: true
    requiresBuild: true
    dependencies:
      yauzl: 2.10.0
    dev: true

  /fd-slicer/1.1.0:
    resolution: {integrity: sha1-JcfInLH5B3+IkbvmHY85Dq4lbx4=}
    dependencies:
      pend: 1.2.0
    dev: true

  /pend/1.2.0:
    resolution: {integrity: sha1-elfrVQpng/kRUzH89GY9XI4AelA=}
    dev: true

  /typescript/4.7.4:
    resolution: {integrity: sha512-C0WQT0gezHuw6AdY1M2jxUO83Rjf0HP7Sk1DtXj6j1EwkQNZrHAg2XPWlq62oqEhYvONq5pkC2Y9oPljWToLmQ==}
    engines: {node: '>=4.2.0'}
    hasBin: true
    dev: true

  /yauzl/2.10.0:
    resolution: {integrity: sha1-x+sXyT4RLLEIb6bY5R+wZnt5pfk=}
    dependencies:
      buffer-crc32: 0.2.13
      fd-slicer: 1.1.0
    dev: true
